
Microsoft Visual Studio Solution File, Format Version 12.00
# Visual Studio Version 17
VisualStudioVersion = 17.4.33403.182
MinimumVisualStudioVersion = 10.0.40219.1
Project("{FAE04EC0-301F-11D3-BF4B-00C04F79EFBC}") = "masRandom", "masRandom\masRandom.csproj", "{DFAEB600-4B00-4C98-9DAF-4C1D4A8214EE}"
EndProject
Global
	GlobalSection(SolutionConfigurationPlatforms) = preSolution
		Debug|Any CPU = Debug|Any CPU
		Release|Any CPU = Release|Any CPU
	EndGlobalSection
	GlobalSection(ProjectConfigurationPlatforms) = postSolution
		{DFAEB600-4B00-4C98-9DAF-4C1D4A8214EE}.Debug|Any CPU.ActiveCfg = Debug|Any CPU
		{DFAEB600-4B00-4C98-9DAF-4C1D4A8214EE}.Debug|Any CPU.Build.0 = Debug|Any CPU
		{DFAEB600-4B00-4C98-9DAF-4C1D4A8214EE}.Release|Any CPU.ActiveCfg = Release|Any CPU
		{DFAEB600-4B00-4C98-9DAF-4C1D4A8214EE}.Release|Any CPU.Build.0 = Release|Any CPU
	EndGlobalSection
	GlobalSection(SolutionProperties) = preSolution
		HideSolutionNode = FALSE
	EndGlobalSection
	GlobalSection(ExtensibilityGlobals) = postSolution
		SolutionGuid = {78932DCB-D6B6-449B-A826-D78F308B916B}
	EndGlobalSection
EndGlobal
